
Microsoft Visual Studio Solution File, Format Version 12.00
# Visual Studio Version 17
VisualStudioVersion = 17.3.32929.385
MinimumVisualStudioVersion = 10.0.40219.1
Project("{FAE04EC0-301F-11D3-BF4B-00C04F79EFBC}") = "DM", "Desktop_Magic\DM.csproj", "{04951B6C-59C6-4F26-9910-1278A021372F}"
EndProject
Project("{FAE04EC0-301F-11D3-BF4B-00C04F79EFBC}") = "DM Updater", "DM Updater\DM Updater.csproj", "{84C76FB1-0DCD-4D75-87A6-CEC6EC097E34}"
EndProject
Project("{FAE04EC0-301F-11D3-BF4B-00C04F79EFBC}") = "My Widget", "Password Protector\My Widget.csproj", "{9ECA0CC3-3255-42A4-B67F-FB44344FCA99}"
EndProject
Project("{FAE04EC0-301F-11D3-BF4B-00C04F79EFBC}") = "SNote", "Test\SNote.csproj", "{358F3C21-3C3D-42BC-8339-C6ED247F7C0F}"
EndProject
Project("{FAE04EC0-301F-11D3-BF4B-00C04F79EFBC}") = "AS", "WindowsFormsApplication4\AS.csproj", "{F98F506A-B140-4386-B6EE-4690C322701D}"
EndProject
Project("{FAE04EC0-301F-11D3-BF4B-00C04F79EFBC}") = "LScanner", "LScanner\LScanner.csproj", "{F7CB0B1D-5317-4F94-B28C-306984DF2E87}"
EndProject
Global
	GlobalSection(SolutionConfigurationPlatforms) = preSolution
		CD_ROM|Any CPU = CD_ROM|Any CPU
		CD_ROM|x64 = CD_ROM|x64
		CD_ROM|x86 = CD_ROM|x86
		Debug|Any CPU = Debug|Any CPU
		Debug|x64 = Debug|x64
		Debug|x86 = Debug|x86
		DVD-5|Any CPU = DVD-5|Any CPU
		DVD-5|x64 = DVD-5|x64
		DVD-5|x86 = DVD-5|x86
		Release|Any CPU = Release|Any CPU
		Release|x64 = Release|x64
		Release|x86 = Release|x86
		SingleImage|Any CPU = SingleImage|Any CPU
		SingleImage|x64 = SingleImage|x64
		SingleImage|x86 = SingleImage|x86
	EndGlobalSection
	GlobalSection(ProjectConfigurationPlatforms) = postSolution
		{04951B6C-59C6-4F26-9910-1278A021372F}.CD_ROM|Any CPU.ActiveCfg = Release|Any CPU
		{04951B6C-59C6-4F26-9910-1278A021372F}.CD_ROM|Any CPU.Build.0 = Release|Any CPU
		{04951B6C-59C6-4F26-9910-1278A021372F}.CD_ROM|x64.ActiveCfg = Debug|Any CPU
		{04951B6C-59C6-4F26-9910-1278A021372F}.CD_ROM|x64.Build.0 = Debug|Any CPU
		{04951B6C-59C6-4F26-9910-1278A021372F}.CD_ROM|x86.ActiveCfg = Debug|Any CPU
		{04951B6C-59C6-4F26-9910-1278A021372F}.CD_ROM|x86.Build.0 = Debug|Any CPU
		{04951B6C-59C6-4F26-9910-1278A021372F}.Debug|Any CPU.ActiveCfg = Debug|Any CPU
		{04951B6C-59C6-4F26-9910-1278A021372F}.Debug|Any CPU.Build.0 = Debug|Any CPU
		{04951B6C-59C6-4F26-9910-1278A021372F}.Debug|x64.ActiveCfg = Debug|Any CPU
		{04951B6C-59C6-4F26-9910-1278A021372F}.Debug|x64.Build.0 = Debug|Any CPU
		{04951B6C-59C6-4F26-9910-1278A021372F}.Debug|x86.ActiveCfg = Debug|Any CPU
		{04951B6C-59C6-4F26-9910-1278A021372F}.Debug|x86.Build.0 = Debug|Any CPU
		{04951B6C-59C6-4F26-9910-1278A021372F}.DVD-5|Any CPU.ActiveCfg = Debug|Any CPU
		{04951B6C-59C6-4F26-9910-1278A021372F}.DVD-5|Any CPU.Build.0 = Debug|Any CPU
		{04951B6C-59C6-4F26-9910-1278A021372F}.DVD-5|x64.ActiveCfg = Debug|Any CPU
		{04951B6C-59C6-4F26-9910-1278A021372F}.DVD-5|x64.Build.0 = Debug|Any CPU
		{04951B6C-59C6-4F26-9910-1278A021372F}.DVD-5|x86.ActiveCfg = Debug|Any CPU
		{04951B6C-59C6-4F26-9910-1278A021372F}.DVD-5|x86.Build.0 = Debug|Any CPU
		{04951B6C-59C6-4F26-9910-1278A021372F}.Release|Any CPU.ActiveCfg = Release|Any CPU
		{04951B6C-59C6-4F26-9910-1278A021372F}.Release|Any CPU.Build.0 = Release|Any CPU
		{04951B6C-59C6-4F26-9910-1278A021372F}.Release|x64.ActiveCfg = Release|Any CPU
		{04951B6C-59C6-4F26-9910-1278A021372F}.Release|x64.Build.0 = Release|Any CPU
		{04951B6C-59C6-4F26-9910-1278A021372F}.Release|x86.ActiveCfg = Release|Any CPU
		{04951B6C-59C6-4F26-9910-1278A021372F}.Release|x86.Build.0 = Release|Any CPU
		{04951B6C-59C6-4F26-9910-1278A021372F}.SingleImage|Any CPU.ActiveCfg = Release|Any CPU
		{04951B6C-59C6-4F26-9910-1278A021372F}.SingleImage|Any CPU.Build.0 = Release|Any CPU
		{04951B6C-59C6-4F26-9910-1278A021372F}.SingleImage|x64.ActiveCfg = Debug|Any CPU
		{04951B6C-59C6-4F26-9910-1278A021372F}.SingleImage|x64.Build.0 = Debug|Any CPU
		{04951B6C-59C6-4F26-9910-1278A021372F}.SingleImage|x86.ActiveCfg = Debug|Any CPU
		{04951B6C-59C6-4F26-9910-1278A021372F}.SingleImage|x86.Build.0 = Debug|Any CPU
		{84C76FB1-0DCD-4D75-87A6-CEC6EC097E34}.CD_ROM|Any CPU.ActiveCfg = Release|Any CPU
		{84C76FB1-0DCD-4D75-87A6-CEC6EC097E34}.CD_ROM|Any CPU.Build.0 = Release|Any CPU
		{84C76FB1-0DCD-4D75-87A6-CEC6EC097E34}.CD_ROM|x64.ActiveCfg = Release|Any CPU
		{84C76FB1-0DCD-4D75-87A6-CEC6EC097E34}.CD_ROM|x64.Build.0 = Release|Any CPU
		{84C76FB1-0DCD-4D75-87A6-CEC6EC097E34}.CD_ROM|x86.ActiveCfg = Release|Any CPU
		{84C76FB1-0DCD-4D75-87A6-CEC6EC097E34}.CD_ROM|x86.Build.0 = Release|Any CPU
		{84C76FB1-0DCD-4D75-87A6-CEC6EC097E34}.Debug|Any CPU.ActiveCfg = Debug|Any CPU
		{84C76FB1-0DCD-4D75-87A6-CEC6EC097E34}.Debug|Any CPU.Build.0 = Debug|Any CPU
		{84C76FB1-0DCD-4D75-87A6-CEC6EC097E34}.Debug|x64.ActiveCfg = Debug|Any CPU
		{84C76FB1-0DCD-4D75-87A6-CEC6EC097E34}.Debug|x64.Build.0 = Debug|Any CPU
		{84C76FB1-0DCD-4D75-87A6-CEC6EC097E34}.Debug|x86.ActiveCfg = Debug|Any CPU
		{84C76FB1-0DCD-4D75-87A6-CEC6EC097E34}.Debug|x86.Build.0 = Debug|Any CPU
		{84C76FB1-0DCD-4D75-87A6-CEC6EC097E34}.DVD-5|Any CPU.ActiveCfg = Debug|Any CPU
		{84C76FB1-0DCD-4D75-87A6-CEC6EC097E34}.DVD-5|Any CPU.Build.0 = Debug|Any CPU
		{84C76FB1-0DCD-4D75-87A6-CEC6EC097E34}.DVD-5|x64.ActiveCfg = Debug|Any CPU
		{84C76FB1-0DCD-4D75-87A6-CEC6EC097E34}.DVD-5|x64.Build.0 = Debug|Any CPU
		{84C76FB1-0DCD-4D75-87A6-CEC6EC097E34}.DVD-5|x86.ActiveCfg = Debug|Any CPU
		{84C76FB1-0DCD-4D75-87A6-CEC6EC097E34}.DVD-5|x86.Build.0 = Debug|Any CPU
		{84C76FB1-0DCD-4D75-87A6-CEC6EC097E34}.Release|Any CPU.ActiveCfg = Release|Any CPU
		{84C76FB1-0DCD-4D75-87A6-CEC6EC097E34}.Release|Any CPU.Build.0 = Release|Any CPU
		{84C76FB1-0DCD-4D75-87A6-CEC6EC097E34}.Release|x64.ActiveCfg = Release|Any CPU
		{84C76FB1-0DCD-4D75-87A6-CEC6EC097E34}.Release|x64.Build.0 = Release|Any CPU
		{84C76FB1-0DCD-4D75-87A6-CEC6EC097E34}.Release|x86.ActiveCfg = Release|Any CPU
		{84C76FB1-0DCD-4D75-87A6-CEC6EC097E34}.Release|x86.Build.0 = Release|Any CPU
		{84C76FB1-0DCD-4D75-87A6-CEC6EC097E34}.SingleImage|Any CPU.ActiveCfg = Release|Any CPU
		{84C76FB1-0DCD-4D75-87A6-CEC6EC097E34}.SingleImage|Any CPU.Build.0 = Release|Any CPU
		{84C76FB1-0DCD-4D75-87A6-CEC6EC097E34}.SingleImage|x64.ActiveCfg = Release|Any CPU
		{84C76FB1-0DCD-4D75-87A6-CEC6EC097E34}.SingleImage|x64.Build.0 = Release|Any CPU
		{84C76FB1-0DCD-4D75-87A6-CEC6EC097E34}.SingleImage|x86.ActiveCfg = Release|Any CPU
		{84C76FB1-0DCD-4D75-87A6-CEC6EC097E34}.SingleImage|x86.Build.0 = Release|Any CPU
		{9ECA0CC3-3255-42A4-B67F-FB44344FCA99}.CD_ROM|Any CPU.ActiveCfg = Release|Any CPU
		{9ECA0CC3-3255-42A4-B67F-FB44344FCA99}.CD_ROM|Any CPU.Build.0 = Release|Any CPU
		{9ECA0CC3-3255-42A4-B67F-FB44344FCA99}.CD_ROM|x64.ActiveCfg = Release|Any CPU
		{9ECA0CC3-3255-42A4-B67F-FB44344FCA99}.CD_ROM|x64.Build.0 = Release|Any CPU
		{9ECA0CC3-3255-42A4-B67F-FB44344FCA99}.CD_ROM|x86.ActiveCfg = Release|Any CPU
		{9ECA0CC3-3255-42A4-B67F-FB44344FCA99}.CD_ROM|x86.Build.0 = Release|Any CPU
		{9ECA0CC3-3255-42A4-B67F-FB44344FCA99}.Debug|Any CPU.ActiveCfg = Debug|Any CPU
		{9ECA0CC3-3255-42A4-B67F-FB44344FCA99}.Debug|Any CPU.Build.0 = Debug|Any CPU
		{9ECA0CC3-3255-42A4-B67F-FB44344FCA99}.Debug|x64.ActiveCfg = Debug|Any CPU
		{9ECA0CC3-3255-42A4-B67F-FB44344FCA99}.Debug|x64.Build.0 = Debug|Any CPU
		{9ECA0CC3-3255-42A4-B67F-FB44344FCA99}.Debug|x86.ActiveCfg = Debug|Any CPU
		{9ECA0CC3-3255-42A4-B67F-FB44344FCA99}.Debug|x86.Build.0 = Debug|Any CPU
		{9ECA0CC3-3255-42A4-B67F-FB44344FCA99}.DVD-5|Any CPU.ActiveCfg = Debug|Any CPU
		{9ECA0CC3-3255-42A4-B67F-FB44344FCA99}.DVD-5|Any CPU.Build.0 = Debug|Any CPU
		{9ECA0CC3-3255-42A4-B67F-FB44344FCA99}.DVD-5|x64.ActiveCfg = Debug|Any CPU
		{9ECA0CC3-3255-42A4-B67F-FB44344FCA99}.DVD-5|x64.Build.0 = Debug|Any CPU
		{9ECA0CC3-3255-42A4-B67F-FB44344FCA99}.DVD-5|x86.ActiveCfg = Debug|Any CPU
		{9ECA0CC3-3255-42A4-B67F-FB44344FCA99}.DVD-5|x86.Build.0 = Debug|Any CPU
		{9ECA0CC3-3255-42A4-B67F-FB44344FCA99}.Release|Any CPU.ActiveCfg = Release|Any CPU
		{9ECA0CC3-3255-42A4-B67F-FB44344FCA99}.Release|Any CPU.Build.0 = Release|Any CPU
		{9ECA0CC3-3255-42A4-B67F-FB44344FCA99}.Release|x64.ActiveCfg = Release|Any CPU
		{9ECA0CC3-3255-42A4-B67F-FB44344FCA99}.Release|x64.Build.0 = Release|Any CPU
		{9ECA0CC3-3255-42A4-B67F-FB44344FCA99}.Release|x86.ActiveCfg = Release|Any CPU
		{9ECA0CC3-3255-42A4-B67F-FB44344FCA99}.Release|x86.Build.0 = Release|Any CPU
		{9ECA0CC3-3255-42A4-B67F-FB44344FCA99}.SingleImage|Any CPU.ActiveCfg = Release|Any CPU
		{9ECA0CC3-3255-42A4-B67F-FB44344FCA99}.SingleImage|Any CPU.Build.0 = Release|Any CPU
		{9ECA0CC3-3255-42A4-B67F-FB44344FCA99}.SingleImage|x64.ActiveCfg = Release|Any CPU
		{9ECA0CC3-3255-42A4-B67F-FB44344FCA99}.SingleImage|x64.Build.0 = Release|Any CPU
		{9ECA0CC3-3255-42A4-B67F-FB44344FCA99}.SingleImage|x86.ActiveCfg = Release|Any CPU
		{9ECA0CC3-3255-42A4-B67F-FB44344FCA99}.SingleImage|x86.Build.0 = Release|Any CPU
		{358F3C21-3C3D-42BC-8339-C6ED247F7C0F}.CD_ROM|Any CPU.ActiveCfg = Debug|Any CPU
		{358F3C21-3C3D-42BC-8339-C6ED247F7C0F}.CD_ROM|Any CPU.Build.0 = Debug|Any CPU
		{358F3C21-3C3D-42BC-8339-C6ED247F7C0F}.CD_ROM|x64.ActiveCfg = Debug|Any CPU
		{358F3C21-3C3D-42BC-8339-C6ED247F7C0F}.CD_ROM|x64.Build.0 = Debug|Any CPU
		{358F3C21-3C3D-42BC-8339-C6ED247F7C0F}.CD_ROM|x86.ActiveCfg = Debug|Any CPU
		{358F3C21-3C3D-42BC-8339-C6ED247F7C0F}.CD_ROM|x86.Build.0 = Debug|Any CPU
		{358F3C21-3C3D-42BC-8339-C6ED247F7C0F}.Debug|Any CPU.ActiveCfg = Debug|Any CPU
		{358F3C21-3C3D-42BC-8339-C6ED247F7C0F}.Debug|Any CPU.Build.0 = Debug|Any CPU
		{358F3C21-3C3D-42BC-8339-C6ED247F7C0F}.Debug|x64.ActiveCfg = Debug|Any CPU
		{358F3C21-3C3D-42BC-8339-C6ED247F7C0F}.Debug|x64.Build.0 = Debug|Any CPU
		{358F3C21-3C3D-42BC-8339-C6ED247F7C0F}.Debug|x86.ActiveCfg = Debug|Any CPU
		{358F3C21-3C3D-42BC-8339-C6ED247F7C0F}.Debug|x86.Build.0 = Debug|Any CPU
		{358F3C21-3C3D-42BC-8339-C6ED247F7C0F}.DVD-5|Any CPU.ActiveCfg = Debug|Any CPU
		{358F3C21-3C3D-42BC-8339-C6ED247F7C0F}.DVD-5|Any CPU.Build.0 = Debug|Any CPU
		{358F3C21-3C3D-42BC-8339-C6ED247F7C0F}.DVD-5|x64.ActiveCfg = Debug|Any CPU
		{358F3C21-3C3D-42BC-8339-C6ED247F7C0F}.DVD-5|x64.Build.0 = Debug|Any CPU
		{358F3C21-3C3D-42BC-8339-C6ED247F7C0F}.DVD-5|x86.ActiveCfg = Debug|Any CPU
		{358F3C21-3C3D-42BC-8339-C6ED247F7C0F}.DVD-5|x86.Build.0 = Debug|Any CPU
		{358F3C21-3C3D-42BC-8339-C6ED247F7C0F}.Release|Any CPU.ActiveCfg = Release|Any CPU
		{358F3C21-3C3D-42BC-8339-C6ED247F7C0F}.Release|Any CPU.Build.0 = Release|Any CPU
		{358F3C21-3C3D-42BC-8339-C6ED247F7C0F}.Release|x64.ActiveCfg = Release|Any CPU
		{358F3C21-3C3D-42BC-8339-C6ED247F7C0F}.Release|x64.Build.0 = Release|Any CPU
		{358F3C21-3C3D-42BC-8339-C6ED247F7C0F}.Release|x86.ActiveCfg = Release|Any CPU
		{358F3C21-3C3D-42BC-8339-C6ED247F7C0F}.Release|x86.Build.0 = Release|Any CPU
		{358F3C21-3C3D-42BC-8339-C6ED247F7C0F}.SingleImage|Any CPU.ActiveCfg = Debug|Any CPU
		{358F3C21-3C3D-42BC-8339-C6ED247F7C0F}.SingleImage|Any CPU.Build.0 = Debug|Any CPU
		{358F3C21-3C3D-42BC-8339-C6ED247F7C0F}.SingleImage|x64.ActiveCfg = Debug|Any CPU
		{358F3C21-3C3D-42BC-8339-C6ED247F7C0F}.SingleImage|x64.Build.0 = Debug|Any CPU
		{358F3C21-3C3D-42BC-8339-C6ED247F7C0F}.SingleImage|x86.ActiveCfg = Debug|Any CPU
		{358F3C21-3C3D-42BC-8339-C6ED247F7C0F}.SingleImage|x86.Build.0 = Debug|Any CPU
		{F98F506A-B140-4386-B6EE-4690C322701D}.CD_ROM|Any CPU.ActiveCfg = Debug|Any CPU
		{F98F506A-B140-4386-B6EE-4690C322701D}.CD_ROM|Any CPU.Build.0 = Debug|Any CPU
		{F98F506A-B140-4386-B6EE-4690C322701D}.CD_ROM|x64.ActiveCfg = Debug|Any CPU
		{F98F506A-B140-4386-B6EE-4690C322701D}.CD_ROM|x64.Build.0 = Debug|Any CPU
		{F98F506A-B140-4386-B6EE-4690C322701D}.CD_ROM|x86.ActiveCfg = Debug|Any CPU
		{F98F506A-B140-4386-B6EE-4690C322701D}.CD_ROM|x86.Build.0 = Debug|Any CPU
		{F98F506A-B140-4386-B6EE-4690C322701D}.Debug|Any CPU.ActiveCfg = Debug|Any CPU
		{F98F506A-B140-4386-B6EE-4690C322701D}.Debug|Any CPU.Build.0 = Debug|Any CPU
		{F98F506A-B140-4386-B6EE-4690C322701D}.Debug|x64.ActiveCfg = Debug|Any CPU
		{F98F506A-B140-4386-B6EE-4690C322701D}.Debug|x64.Build.0 = Debug|Any CPU
		{F98F506A-B140-4386-B6EE-4690C322701D}.Debug|x86.ActiveCfg = Debug|Any CPU
		{F98F506A-B140-4386-B6EE-4690C322701D}.Debug|x86.Build.0 = Debug|Any CPU
		{F98F506A-B140-4386-B6EE-4690C322701D}.DVD-5|Any CPU.ActiveCfg = Debug|Any CPU
		{F98F506A-B140-4386-B6EE-4690C322701D}.DVD-5|Any CPU.Build.0 = Debug|Any CPU
		{F98F506A-B140-4386-B6EE-4690C322701D}.DVD-5|x64.ActiveCfg = Debug|Any CPU
		{F98F506A-B140-4386-B6EE-4690C322701D}.DVD-5|x64.Build.0 = Debug|Any CPU
		{F98F506A-B140-4386-B6EE-4690C322701D}.DVD-5|x86.ActiveCfg = Debug|Any CPU
		{F98F506A-B140-4386-B6EE-4690C322701D}.DVD-5|x86.Build.0 = Debug|Any CPU
		{F98F506A-B140-4386-B6EE-4690C322701D}.Release|Any CPU.ActiveCfg = Release|Any CPU
		{F98F506A-B140-4386-B6EE-4690C322701D}.Release|Any CPU.Build.0 = Release|Any CPU
		{F98F506A-B140-4386-B6EE-4690C322701D}.Release|x64.ActiveCfg = Release|Any CPU
		{F98F506A-B140-4386-B6EE-4690C322701D}.Release|x64.Build.0 = Release|Any CPU
		{F98F506A-B140-4386-B6EE-4690C322701D}.Release|x86.ActiveCfg = Release|Any CPU
		{F98F506A-B140-4386-B6EE-4690C322701D}.Release|x86.Build.0 = Release|Any CPU
		{F98F506A-B140-4386-B6EE-4690C322701D}.SingleImage|Any CPU.ActiveCfg = Debug|Any CPU
		{F98F506A-B140-4386-B6EE-4690C322701D}.SingleImage|Any CPU.Build.0 = Debug|Any CPU
		{F98F506A-B140-4386-B6EE-4690C322701D}.SingleImage|x64.ActiveCfg = Debug|Any CPU
		{F98F506A-B140-4386-B6EE-4690C322701D}.SingleImage|x64.Build.0 = Debug|Any CPU
		{F98F506A-B140-4386-B6EE-4690C322701D}.SingleImage|x86.ActiveCfg = Debug|Any CPU
		{F98F506A-B140-4386-B6EE-4690C322701D}.SingleImage|x86.Build.0 = Debug|Any CPU
		{F7CB0B1D-5317-4F94-B28C-306984DF2E87}.CD_ROM|Any CPU.ActiveCfg = Debug|Any CPU
		{F7CB0B1D-5317-4F94-B28C-306984DF2E87}.CD_ROM|Any CPU.Build.0 = Debug|Any CPU
		{F7CB0B1D-5317-4F94-B28C-306984DF2E87}.CD_ROM|x64.ActiveCfg = Debug|Any CPU
		{F7CB0B1D-5317-4F94-B28C-306984DF2E87}.CD_ROM|x64.Build.0 = Debug|Any CPU
		{F7CB0B1D-5317-4F94-B28C-306984DF2E87}.CD_ROM|x86.ActiveCfg = Debug|Any CPU
		{F7CB0B1D-5317-4F94-B28C-306984DF2E87}.CD_ROM|x86.Build.0 = Debug|Any CPU
		{F7CB0B1D-5317-4F94-B28C-306984DF2E87}.Debug|Any CPU.ActiveCfg = Debug|Any CPU
		{F7CB0B1D-5317-4F94-B28C-306984DF2E87}.Debug|Any CPU.Build.0 = Debug|Any CPU
		{F7CB0B1D-5317-4F94-B28C-306984DF2E87}.Debug|x64.ActiveCfg = Debug|Any CPU
		{F7CB0B1D-5317-4F94-B28C-306984DF2E87}.Debug|x64.Build.0 = Debug|Any CPU
		{F7CB0B1D-5317-4F94-B28C-306984DF2E87}.Debug|x86.ActiveCfg = Debug|Any CPU
		{F7CB0B1D-5317-4F94-B28C-306984DF2E87}.Debug|x86.Build.0 = Debug|Any CPU
		{F7CB0B1D-5317-4F94-B28C-306984DF2E87}.DVD-5|Any CPU.ActiveCfg = Debug|Any CPU
		{F7CB0B1D-5317-4F94-B28C-306984DF2E87}.DVD-5|Any CPU.Build.0 = Debug|Any CPU
		{F7CB0B1D-5317-4F94-B28C-306984DF2E87}.DVD-5|x64.ActiveCfg = Debug|Any CPU
		{F7CB0B1D-5317-4F94-B28C-306984DF2E87}.DVD-5|x64.Build.0 = Debug|Any CPU
		{F7CB0B1D-5317-4F94-B28C-306984DF2E87}.DVD-5|x86.ActiveCfg = Debug|Any CPU
		{F7CB0B1D-5317-4F94-B28C-306984DF2E87}.DVD-5|x86.Build.0 = Debug|Any CPU
		{F7CB0B1D-5317-4F94-B28C-306984DF2E87}.Release|Any CPU.ActiveCfg = Release|Any CPU
		{F7CB0B1D-5317-4F94-B28C-306984DF2E87}.Release|Any CPU.Build.0 = Release|Any CPU
		{F7CB0B1D-5317-4F94-B28C-306984DF2E87}.Release|x64.ActiveCfg = Release|Any CPU
		{F7CB0B1D-5317-4F94-B28C-306984DF2E87}.Release|x64.Build.0 = Release|Any CPU
		{F7CB0B1D-5317-4F94-B28C-306984DF2E87}.Release|x86.ActiveCfg = Release|Any CPU
		{F7CB0B1D-5317-4F94-B28C-306984DF2E87}.Release|x86.Build.0 = Release|Any CPU
		{F7CB0B1D-5317-4F94-B28C-306984DF2E87}.SingleImage|Any CPU.ActiveCfg = Debug|Any CPU
		{F7CB0B1D-5317-4F94-B28C-306984DF2E87}.SingleImage|Any CPU.Build.0 = Debug|Any CPU
		{F7CB0B1D-5317-4F94-B28C-306984DF2E87}.SingleImage|x64.ActiveCfg = Debug|Any CPU
		{F7CB0B1D-5317-4F94-B28C-306984DF2E87}.SingleImage|x64.Build.0 = Debug|Any CPU
		{F7CB0B1D-5317-4F94-B28C-306984DF2E87}.SingleImage|x86.ActiveCfg = Debug|Any CPU
		{F7CB0B1D-5317-4F94-B28C-306984DF2E87}.SingleImage|x86.Build.0 = Debug|Any CPU
	EndGlobalSection
	GlobalSection(SolutionProperties) = preSolution
		HideSolutionNode = FALSE
	EndGlobalSection
	GlobalSection(ExtensibilityGlobals) = postSolution
		SolutionGuid = {407AE7F1-70E3-4225-9BF9-4BB311D21806}
	EndGlobalSection
EndGlobal
