
Microsoft Visual Studio Solution File, Format Version 12.00
# Visual Studio 14
VisualStudioVersion = 14.0.25420.1
MinimumVisualStudioVersion = 10.0.40219.1
Project("{FAE04EC0-301F-11D3-BF4B-00C04F79EFBC}") = "Math is simple", "WindowsFormsApplication3\Math is simple.csproj", "{268CED52-BA59-429A-85EA-078EA157E0A1}"
EndProject
Project("{FAE04EC0-301F-11D3-BF4B-00C04F79EFBC}") = "AS", "WindowsFormsApplication4\AS.csproj", "{F98F506A-B140-4386-B6EE-4690C322701D}"
EndProject
Project("{FAE04EC0-301F-11D3-BF4B-00C04F79EFBC}") = "DM", "Desktop_Magic\DM.csproj", "{04951B6C-59C6-4F26-9910-1278A021372F}"
EndProject
Project("{FAE04EC0-301F-11D3-BF4B-00C04F79EFBC}") = "SNote", "Test\SNote.csproj", "{358F3C21-3C3D-42BC-8339-C6ED247F7C0F}"
EndProject
Project("{FAE04EC0-301F-11D3-BF4B-00C04F79EFBC}") = "CA.Detect", "SpeechEng\CA.Detect.csproj", "{6690BEC4-BF55-4322-8AEF-46443AFB9057}"
EndProject
Project("{FAE04EC0-301F-11D3-BF4B-00C04F79EFBC}") = "RamC", "Password Protector\RamC.csproj", "{9ECA0CC3-3255-42A4-B67F-FB44344FCA99}"
EndProject
Project("{FAE04EC0-301F-11D3-BF4B-00C04F79EFBC}") = "Online Dictionary", "Online Dictionary\Online Dictionary.csproj", "{5C3DEE18-FC53-47A1-AED4-D18CB36FFC6E}"
EndProject
Project("{FAE04EC0-301F-11D3-BF4B-00C04F79EFBC}") = "GLink", "Donwloader\GLink.csproj", "{31AFABF0-C902-4F68-9CA8-76D29D2D1B91}"
EndProject
Project("{FAE04EC0-301F-11D3-BF4B-00C04F79EFBC}") = "ProgressBarCustomControl", "ProgressBarCustomControl\ProgressBarCustomControl.csproj", "{B885264C-C0AB-41B5-8D69-B92815C305D9}"
EndProject
Project("{FAE04EC0-301F-11D3-BF4B-00C04F79EFBC}") = "Personal Assistant", "Personal Assistant\Personal Assistant.csproj", "{1EA48B2A-23FA-468A-AC34-296C723AD67D}"
EndProject
Project("{FAE04EC0-301F-11D3-BF4B-00C04F79EFBC}") = "Product Supporter", "Product Supporter\Product Supporter.csproj", "{1A46D176-56E6-4303-9AA2-A4051DCDCCB4}"
EndProject
Project("{FAE04EC0-301F-11D3-BF4B-00C04F79EFBC}") = "LScanner", "LScanner\LScanner.csproj", "{F7CB0B1D-5317-4F94-B28C-306984DF2E87}"
EndProject
Global
	GlobalSection(SolutionConfigurationPlatforms) = preSolution
		Debug|Any CPU = Debug|Any CPU
		Release|Any CPU = Release|Any CPU
	EndGlobalSection
	GlobalSection(ProjectConfigurationPlatforms) = postSolution
		{268CED52-BA59-429A-85EA-078EA157E0A1}.Debug|Any CPU.ActiveCfg = Debug|Any CPU
		{268CED52-BA59-429A-85EA-078EA157E0A1}.Debug|Any CPU.Build.0 = Debug|Any CPU
		{268CED52-BA59-429A-85EA-078EA157E0A1}.Release|Any CPU.ActiveCfg = Release|Any CPU
		{268CED52-BA59-429A-85EA-078EA157E0A1}.Release|Any CPU.Build.0 = Release|Any CPU
		{F98F506A-B140-4386-B6EE-4690C322701D}.Debug|Any CPU.ActiveCfg = Debug|Any CPU
		{F98F506A-B140-4386-B6EE-4690C322701D}.Debug|Any CPU.Build.0 = Debug|Any CPU
		{F98F506A-B140-4386-B6EE-4690C322701D}.Release|Any CPU.ActiveCfg = Release|Any CPU
		{F98F506A-B140-4386-B6EE-4690C322701D}.Release|Any CPU.Build.0 = Release|Any CPU
		{04951B6C-59C6-4F26-9910-1278A021372F}.Debug|Any CPU.ActiveCfg = Debug|Any CPU
		{04951B6C-59C6-4F26-9910-1278A021372F}.Debug|Any CPU.Build.0 = Debug|Any CPU
		{04951B6C-59C6-4F26-9910-1278A021372F}.Release|Any CPU.ActiveCfg = Release|Any CPU
		{04951B6C-59C6-4F26-9910-1278A021372F}.Release|Any CPU.Build.0 = Release|Any CPU
		{358F3C21-3C3D-42BC-8339-C6ED247F7C0F}.Debug|Any CPU.ActiveCfg = Debug|Any CPU
		{358F3C21-3C3D-42BC-8339-C6ED247F7C0F}.Debug|Any CPU.Build.0 = Debug|Any CPU
		{358F3C21-3C3D-42BC-8339-C6ED247F7C0F}.Release|Any CPU.ActiveCfg = Release|Any CPU
		{358F3C21-3C3D-42BC-8339-C6ED247F7C0F}.Release|Any CPU.Build.0 = Release|Any CPU
		{6690BEC4-BF55-4322-8AEF-46443AFB9057}.Debug|Any CPU.ActiveCfg = Debug|Any CPU
		{6690BEC4-BF55-4322-8AEF-46443AFB9057}.Debug|Any CPU.Build.0 = Debug|Any CPU
		{6690BEC4-BF55-4322-8AEF-46443AFB9057}.Release|Any CPU.ActiveCfg = Release|Any CPU
		{6690BEC4-BF55-4322-8AEF-46443AFB9057}.Release|Any CPU.Build.0 = Release|Any CPU
		{9ECA0CC3-3255-42A4-B67F-FB44344FCA99}.Debug|Any CPU.ActiveCfg = Debug|Any CPU
		{9ECA0CC3-3255-42A4-B67F-FB44344FCA99}.Debug|Any CPU.Build.0 = Debug|Any CPU
		{9ECA0CC3-3255-42A4-B67F-FB44344FCA99}.Release|Any CPU.ActiveCfg = Release|Any CPU
		{9ECA0CC3-3255-42A4-B67F-FB44344FCA99}.Release|Any CPU.Build.0 = Release|Any CPU
		{5C3DEE18-FC53-47A1-AED4-D18CB36FFC6E}.Debug|Any CPU.ActiveCfg = Debug|Any CPU
		{5C3DEE18-FC53-47A1-AED4-D18CB36FFC6E}.Debug|Any CPU.Build.0 = Debug|Any CPU
		{5C3DEE18-FC53-47A1-AED4-D18CB36FFC6E}.Release|Any CPU.ActiveCfg = Release|Any CPU
		{5C3DEE18-FC53-47A1-AED4-D18CB36FFC6E}.Release|Any CPU.Build.0 = Release|Any CPU
		{31AFABF0-C902-4F68-9CA8-76D29D2D1B91}.Debug|Any CPU.ActiveCfg = Debug|Any CPU
		{31AFABF0-C902-4F68-9CA8-76D29D2D1B91}.Debug|Any CPU.Build.0 = Debug|Any CPU
		{31AFABF0-C902-4F68-9CA8-76D29D2D1B91}.Release|Any CPU.ActiveCfg = Release|Any CPU
		{31AFABF0-C902-4F68-9CA8-76D29D2D1B91}.Release|Any CPU.Build.0 = Release|Any CPU
		{B885264C-C0AB-41B5-8D69-B92815C305D9}.Debug|Any CPU.ActiveCfg = Debug|Any CPU
		{B885264C-C0AB-41B5-8D69-B92815C305D9}.Debug|Any CPU.Build.0 = Debug|Any CPU
		{B885264C-C0AB-41B5-8D69-B92815C305D9}.Release|Any CPU.ActiveCfg = Release|Any CPU
		{B885264C-C0AB-41B5-8D69-B92815C305D9}.Release|Any CPU.Build.0 = Release|Any CPU
		{1EA48B2A-23FA-468A-AC34-296C723AD67D}.Debug|Any CPU.ActiveCfg = Debug|Any CPU
		{1EA48B2A-23FA-468A-AC34-296C723AD67D}.Debug|Any CPU.Build.0 = Debug|Any CPU
		{1EA48B2A-23FA-468A-AC34-296C723AD67D}.Release|Any CPU.ActiveCfg = Release|Any CPU
		{1EA48B2A-23FA-468A-AC34-296C723AD67D}.Release|Any CPU.Build.0 = Release|Any CPU
		{1A46D176-56E6-4303-9AA2-A4051DCDCCB4}.Debug|Any CPU.ActiveCfg = Debug|Any CPU
		{1A46D176-56E6-4303-9AA2-A4051DCDCCB4}.Debug|Any CPU.Build.0 = Debug|Any CPU
		{1A46D176-56E6-4303-9AA2-A4051DCDCCB4}.Release|Any CPU.ActiveCfg = Release|Any CPU
		{1A46D176-56E6-4303-9AA2-A4051DCDCCB4}.Release|Any CPU.Build.0 = Release|Any CPU
		{F7CB0B1D-5317-4F94-B28C-306984DF2E87}.Debug|Any CPU.ActiveCfg = Debug|Any CPU
		{F7CB0B1D-5317-4F94-B28C-306984DF2E87}.Debug|Any CPU.Build.0 = Debug|Any CPU
		{F7CB0B1D-5317-4F94-B28C-306984DF2E87}.Release|Any CPU.ActiveCfg = Release|Any CPU
		{F7CB0B1D-5317-4F94-B28C-306984DF2E87}.Release|Any CPU.Build.0 = Release|Any CPU
	EndGlobalSection
	GlobalSection(SolutionProperties) = preSolution
		HideSolutionNode = FALSE
	EndGlobalSection
EndGlobal
